
Microsoft Visual Studio Solution File, Format Version 12.00
# Visual Studio Version 17
VisualStudioVersion = 17.12.35527.113
MinimumVisualStudioVersion = 10.0.40219.1
Project("{FAE04EC0-301F-11D3-BF4B-00C04F79EFBC}") = "SportBackend", "SportBackend\SportBackend.csproj", "{92449C52-2A23-4011-8DD9-36AFC05B0643}"
EndProject
Project("{FAE04EC0-301F-11D3-BF4B-00C04F79EFBC}") = "SharedDTO", "SharedDTO\SharedDTO.csproj", "{F91BF2BB-BD61-44D2-8B57-A57B41104184}"
EndProject
Project("{FAE04EC0-301F-11D3-BF4B-00C04F79EFBC}") = "SportFrontend", "..\SportFrontend\SportFrontend.csproj", "{9F64D9FB-EB2A-412C-B6CD-1CB0C09D0D6D}"
EndProject
Global
	GlobalSection(SolutionConfigurationPlatforms) = preSolution
		Debug|Any CPU = Debug|Any CPU
		Release|Any CPU = Release|Any CPU
	EndGlobalSection
	GlobalSection(ProjectConfigurationPlatforms) = postSolution
		{92449C52-2A23-4011-8DD9-36AFC05B0643}.Debug|Any CPU.ActiveCfg = Debug|Any CPU
		{92449C52-2A23-4011-8DD9-36AFC05B0643}.Debug|Any CPU.Build.0 = Debug|Any CPU
		{92449C52-2A23-4011-8DD9-36AFC05B0643}.Release|Any CPU.ActiveCfg = Release|Any CPU
		{92449C52-2A23-4011-8DD9-36AFC05B0643}.Release|Any CPU.Build.0 = Release|Any CPU
		{F91BF2BB-BD61-44D2-8B57-A57B41104184}.Debug|Any CPU.ActiveCfg = Debug|Any CPU
		{F91BF2BB-BD61-44D2-8B57-A57B41104184}.Debug|Any CPU.Build.0 = Debug|Any CPU
		{F91BF2BB-BD61-44D2-8B57-A57B41104184}.Release|Any CPU.ActiveCfg = Release|Any CPU
		{F91BF2BB-BD61-44D2-8B57-A57B41104184}.Release|Any CPU.Build.0 = Release|Any CPU
		{9F64D9FB-EB2A-412C-B6CD-1CB0C09D0D6D}.Debug|Any CPU.ActiveCfg = Debug|Any CPU
		{9F64D9FB-EB2A-412C-B6CD-1CB0C09D0D6D}.Debug|Any CPU.Build.0 = Debug|Any CPU
		{9F64D9FB-EB2A-412C-B6CD-1CB0C09D0D6D}.Release|Any CPU.ActiveCfg = Release|Any CPU
		{9F64D9FB-EB2A-412C-B6CD-1CB0C09D0D6D}.Release|Any CPU.Build.0 = Release|Any CPU
	EndGlobalSection
	GlobalSection(SolutionProperties) = preSolution
		HideSolutionNode = FALSE
	EndGlobalSection
EndGlobal
